
Microsoft Visual Studio Solution File, Format Version 12.00
# Visual Studio Version 16
VisualStudioVersion = 16.0.29613.14
MinimumVisualStudioVersion = 10.0.40219.1
Project("{FAE04EC0-301F-11D3-BF4B-00C04F79EFBC}") = "ABCApp", "ABCApp\ABCApp.csproj", "{F3F4B7A4-8FDE-4DB0-8FD1-A07D0868D579}"
EndProject
Project("{FAE04EC0-301F-11D3-BF4B-00C04F79EFBC}") = "DBModel", "DBModel\DBModel.csproj", "{4BAC1D9E-16DC-4DBC-8EAA-913A52F80976}"
EndProject
Global
	GlobalSection(SolutionConfigurationPlatforms) = preSolution
		Debug|Any CPU = Debug|Any CPU
		Release|Any CPU = Release|Any CPU
	EndGlobalSection
	GlobalSection(ProjectConfigurationPlatforms) = postSolution
		{F3F4B7A4-8FDE-4DB0-8FD1-A07D0868D579}.Debug|Any CPU.ActiveCfg = Debug|Any CPU
		{F3F4B7A4-8FDE-4DB0-8FD1-A07D0868D579}.Debug|Any CPU.Build.0 = Debug|Any CPU
		{F3F4B7A4-8FDE-4DB0-8FD1-A07D0868D579}.Release|Any CPU.ActiveCfg = Release|Any CPU
		{F3F4B7A4-8FDE-4DB0-8FD1-A07D0868D579}.Release|Any CPU.Build.0 = Release|Any CPU
		{4BAC1D9E-16DC-4DBC-8EAA-913A52F80976}.Debug|Any CPU.ActiveCfg = Debug|Any CPU
		{4BAC1D9E-16DC-4DBC-8EAA-913A52F80976}.Debug|Any CPU.Build.0 = Debug|Any CPU
		{4BAC1D9E-16DC-4DBC-8EAA-913A52F80976}.Release|Any CPU.ActiveCfg = Release|Any CPU
		{4BAC1D9E-16DC-4DBC-8EAA-913A52F80976}.Release|Any CPU.Build.0 = Release|Any CPU
	EndGlobalSection
	GlobalSection(SolutionProperties) = preSolution
		HideSolutionNode = FALSE
	EndGlobalSection
	GlobalSection(ExtensibilityGlobals) = postSolution
		SolutionGuid = {F659F889-C6CF-4537-8CAD-A7778CD30DA2}
	EndGlobalSection
EndGlobal
